
Microsoft Visual Studio Solution File, Format Version 12.00
# Visual Studio Version 17
VisualStudioVersion = 17.3.32922.545
MinimumVisualStudioVersion = 10.0.40219.1
Project("{54A90642-561A-4BB1-A94E-469ADEE60C69}") = "client", "client\client.esproj", "{133BD8C2-4ABC-49DD-AD58-F4E278B8350B}"
EndProject
Project("{9A19103F-16F7-4668-BE54-9A1E7A4F7556}") = "test", "test\test.csproj", "{82631008-6DB0-4ED4-AA9C-EAD0D92A9F30}"
EndProject
Project("{9092AA53-FB77-4645-B42D-1CCCA6BD08BD}") = "api", "api\api.njsproj", "{4DF6DB44-CDB8-4AE3-8039-F6E2BBBFD464}"
EndProject
Global
	GlobalSection(SolutionConfigurationPlatforms) = preSolution
		Debug|Any CPU = Debug|Any CPU
		Release|Any CPU = Release|Any CPU
	EndGlobalSection
	GlobalSection(ProjectConfigurationPlatforms) = postSolution
		{133BD8C2-4ABC-49DD-AD58-F4E278B8350B}.Debug|Any CPU.ActiveCfg = Debug|Any CPU
		{133BD8C2-4ABC-49DD-AD58-F4E278B8350B}.Debug|Any CPU.Build.0 = Debug|Any CPU
		{133BD8C2-4ABC-49DD-AD58-F4E278B8350B}.Debug|Any CPU.Deploy.0 = Debug|Any CPU
		{133BD8C2-4ABC-49DD-AD58-F4E278B8350B}.Release|Any CPU.ActiveCfg = Release|Any CPU
		{133BD8C2-4ABC-49DD-AD58-F4E278B8350B}.Release|Any CPU.Build.0 = Release|Any CPU
		{133BD8C2-4ABC-49DD-AD58-F4E278B8350B}.Release|Any CPU.Deploy.0 = Release|Any CPU
		{82631008-6DB0-4ED4-AA9C-EAD0D92A9F30}.Debug|Any CPU.ActiveCfg = Debug|Any CPU
		{82631008-6DB0-4ED4-AA9C-EAD0D92A9F30}.Debug|Any CPU.Build.0 = Debug|Any CPU
		{82631008-6DB0-4ED4-AA9C-EAD0D92A9F30}.Release|Any CPU.ActiveCfg = Release|Any CPU
		{82631008-6DB0-4ED4-AA9C-EAD0D92A9F30}.Release|Any CPU.Build.0 = Release|Any CPU
		{4DF6DB44-CDB8-4AE3-8039-F6E2BBBFD464}.Debug|Any CPU.ActiveCfg = Debug|Any CPU
		{4DF6DB44-CDB8-4AE3-8039-F6E2BBBFD464}.Debug|Any CPU.Build.0 = Debug|Any CPU
		{4DF6DB44-CDB8-4AE3-8039-F6E2BBBFD464}.Release|Any CPU.ActiveCfg = Release|Any CPU
		{4DF6DB44-CDB8-4AE3-8039-F6E2BBBFD464}.Release|Any CPU.Build.0 = Release|Any CPU
	EndGlobalSection
	GlobalSection(SolutionProperties) = preSolution
		HideSolutionNode = FALSE
	EndGlobalSection
	GlobalSection(ExtensibilityGlobals) = postSolution
		SolutionGuid = {75613274-AAE4-4585-94DD-F1DDBD355B79}
	EndGlobalSection
EndGlobal
